
Microsoft Visual Studio Solution File, Format Version 12.00
# Visual Studio 15
VisualStudioVersion = 15.0.27428.2037
MinimumVisualStudioVersion = 10.0.40219.1
Project("{FAE04EC0-301F-11D3-BF4B-00C04F79EFBC}") = "Test-Butstrap", "Test-Butstrap\Test-Butstrap.csproj", "{445F4A16-7406-4768-A1CA-2ED03774C067}"
EndProject
Global
	GlobalSection(SolutionConfigurationPlatforms) = preSolution
		Debug|Any CPU = Debug|Any CPU
		Release|Any CPU = Release|Any CPU
	EndGlobalSection
	GlobalSection(ProjectConfigurationPlatforms) = postSolution
		{445F4A16-7406-4768-A1CA-2ED03774C067}.Debug|Any CPU.ActiveCfg = Debug|Any CPU
		{445F4A16-7406-4768-A1CA-2ED03774C067}.Debug|Any CPU.Build.0 = Debug|Any CPU
		{445F4A16-7406-4768-A1CA-2ED03774C067}.Release|Any CPU.ActiveCfg = Release|Any CPU
		{445F4A16-7406-4768-A1CA-2ED03774C067}.Release|Any CPU.Build.0 = Release|Any CPU
	EndGlobalSection
	GlobalSection(SolutionProperties) = preSolution
		HideSolutionNode = FALSE
	EndGlobalSection
	GlobalSection(ExtensibilityGlobals) = postSolution
		SolutionGuid = {164E58FC-7DA2-4DDB-8244-4E0025509746}
	EndGlobalSection
EndGlobal
